// !$*UTF8*$!
{
	archiveVersion = 1;
	classes = {
	};
	objectVersion = 52;
	objects = {

/* Begin PBXBuildFile section */
		A749E1CC267B95E700D47FA3 /* AppDelegate.swift in Sources */ = {isa = PBXBuildFile; fileRef = A749E1CB267B95E700D47FA3 /* AppDelegate.swift */; };
		A749E1D0267B95E700D47FA3 /* ViewController.swift in Sources */ = {isa = PBXBuildFile; fileRef = A749E1CF267B95E700D47FA3 /* ViewController.swift */; };
		A749E1D3267B95E700D47FA3 /* Main.storyboard in Resources */ = {isa = PBXBuildFile; fileRef = A749E1D1267B95E700D47FA3 /* Main.storyboard */; };
		A749E1D5267B95EC00D47FA3 /* Assets.xcassets in Resources */ = {isa = PBXBuildFile; fileRef = A749E1D4267B95EC00D47FA3 /* Assets.xcassets */; };
		A749E1D8267B95EC00D47FA3 /* LaunchScreen.storyboard in Resources */ = {isa = PBXBuildFile; fileRef = A749E1D6267B95EC00D47FA3 /* LaunchScreen.storyboard */; };
		A749E1E1267B9B7400D47FA3 /* XCoordinatorRx in Frameworks */ = {isa = PBXBuildFile; productRef = A749E1E0267B9B7400D47FA3 /* XCoordinatorRx */; };
		A749E1E4267B9BD000D47FA3 /* SDWebImage in Frameworks */ = {isa = PBXBuildFile; productRef = A749E1E3267B9BD000D47FA3 /* SDWebImage */; };
		A749E1E7267B9C1F00D47FA3 /* SkeletonView in Frameworks */ = {isa = PBXBuildFile; productRef = A749E1E6267B9C1F00D47FA3 /* SkeletonView */; };
		A749E1EA267B9C7900D47FA3 /* Moya in Frameworks */ = {isa = PBXBuildFile; productRef = A749E1E9267B9C7900D47FA3 /* Moya */; };
		A749E1EC267B9C7900D47FA3 /* RxMoya in Frameworks */ = {isa = PBXBuildFile; productRef = A749E1EB267B9C7900D47FA3 /* RxMoya */; };
		A749E1FF267C28CF00D47FA3 /* LaunchCoordinatore.swift in Sources */ = {isa = PBXBuildFile; fileRef = A749E1FE267C28CF00D47FA3 /* LaunchCoordinatore.swift */; };
		A749E201267C29DF00D47FA3 /* MainTabbarCoordinator.swift in Sources */ = {isa = PBXBuildFile; fileRef = A749E200267C29DF00D47FA3 /* MainTabbarCoordinator.swift */; };
		A749E203267C29F600D47FA3 /* OnBoardingCoordinator.swift in Sources */ = {isa = PBXBuildFile; fileRef = A749E202267C29F600D47FA3 /* OnBoardingCoordinator.swift */; };
		A749E206267CBEB700D47FA3 /* Transition+Ex.swift in Sources */ = {isa = PBXBuildFile; fileRef = A749E205267CBEB600D47FA3 /* Transition+Ex.swift */; };
		A749E20A267CC29000D47FA3 /* NowPlayingVC.swift in Sources */ = {isa = PBXBuildFile; fileRef = A749E208267CC29000D47FA3 /* NowPlayingVC.swift */; };
		A749E20B267CC29000D47FA3 /* NowPlayingVC.xib in Resources */ = {isa = PBXBuildFile; fileRef = A749E209267CC29000D47FA3 /* NowPlayingVC.xib */; };
		A749E20D267CC29C00D47FA3 /* NowPlayingAndTopRatedVM.swift in Sources */ = {isa = PBXBuildFile; fileRef = A749E20C267CC29C00D47FA3 /* NowPlayingAndTopRatedVM.swift */; };
		A749E211267CC2C500D47FA3 /* TopRatedVC.swift in Sources */ = {isa = PBXBuildFile; fileRef = A749E20F267CC2C500D47FA3 /* TopRatedVC.swift */; };
		A749E212267CC2C500D47FA3 /* TopRatedVC.xib in Resources */ = {isa = PBXBuildFile; fileRef = A749E210267CC2C500D47FA3 /* TopRatedVC.xib */; };
		A749E216267CC2EB00D47FA3 /* SearchVC.swift in Sources */ = {isa = PBXBuildFile; fileRef = A749E214267CC2EB00D47FA3 /* SearchVC.swift */; };
		A749E217267CC2EB00D47FA3 /* SearchVC.xib in Resources */ = {isa = PBXBuildFile; fileRef = A749E215267CC2EB00D47FA3 /* SearchVC.xib */; };
		A749E219267CC2FA00D47FA3 /* SearchVM.swift in Sources */ = {isa = PBXBuildFile; fileRef = A749E218267CC2FA00D47FA3 /* SearchVM.swift */; };
		A749E21E267CC3C000D47FA3 /* BaseViewController.swift in Sources */ = {isa = PBXBuildFile; fileRef = A749E21D267CC3C000D47FA3 /* BaseViewController.swift */; };
		A749E220267CC46200D47FA3 /* ViewModel.swift in Sources */ = {isa = PBXBuildFile; fileRef = A749E21F267CC46200D47FA3 /* ViewModel.swift */; };
		A749E223267D4FEE00D47FA3 /* TextyTabBarController.swift in Sources */ = {isa = PBXBuildFile; fileRef = A749E222267D4FEE00D47FA3 /* TextyTabBarController.swift */; };
		A749E225267D54DC00D47FA3 /* MovieListUseCase.swift in Sources */ = {isa = PBXBuildFile; fileRef = A749E224267D54DC00D47FA3 /* MovieListUseCase.swift */; };
		A749E229267D550800D47FA3 /* SearchUseCase.swift in Sources */ = {isa = PBXBuildFile; fileRef = A749E228267D550800D47FA3 /* SearchUseCase.swift */; };
		A749E22B267D5F9300D47FA3 /* NowPlayingAndTopRatedCoordinator.swift in Sources */ = {isa = PBXBuildFile; fileRef = A749E22A267D5F9300D47FA3 /* NowPlayingAndTopRatedCoordinator.swift */; };
		A749E22F267D5FC800D47FA3 /* SearchCoordinator.swift in Sources */ = {isa = PBXBuildFile; fileRef = A749E22E267D5FC800D47FA3 /* SearchCoordinator.swift */; };
		A749E231267D68B400D47FA3 /* TextyTabBarItem.swift in Sources */ = {isa = PBXBuildFile; fileRef = A749E230267D68B400D47FA3 /* TextyTabBarItem.swift */; };
		A749E235267DD73800D47FA3 /* MovieCell.swift in Sources */ = {isa = PBXBuildFile; fileRef = A749E233267DD73800D47FA3 /* MovieCell.swift */; };
		A749E236267DD73800D47FA3 /* MovieCell.xib in Resources */ = {isa = PBXBuildFile; fileRef = A749E234267DD73800D47FA3 /* MovieCell.xib */; };
		A749E238267DD9B800D47FA3 /* MovieCellVM.swift in Sources */ = {isa = PBXBuildFile; fileRef = A749E237267DD9B800D47FA3 /* MovieCellVM.swift */; };
		A749E240267DEA3F00D47FA3 /* Page.swift in Sources */ = {isa = PBXBuildFile; fileRef = A749E23B267DEA3F00D47FA3 /* Page.swift */; };
		A749E241267DEA3F00D47FA3 /* AppError.swift in Sources */ = {isa = PBXBuildFile; fileRef = A749E23C267DEA3F00D47FA3 /* AppError.swift */; };
		A749E242267DEA3F00D47FA3 /* MovieDetails.swift in Sources */ = {isa = PBXBuildFile; fileRef = A749E23D267DEA3F00D47FA3 /* MovieDetails.swift */; };
		A749E243267DEA3F00D47FA3 /* Genre.swift in Sources */ = {isa = PBXBuildFile; fileRef = A749E23E267DEA3F00D47FA3 /* Genre.swift */; };
		A749E244267DEA3F00D47FA3 /* Movie.swift in Sources */ = {isa = PBXBuildFile; fileRef = A749E23F267DEA3F00D47FA3 /* Movie.swift */; };
		A749E247267F26B600D47FA3 /* RxCocoa in Frameworks */ = {isa = PBXBuildFile; productRef = A749E246267F26B600D47FA3 /* RxCocoa */; };
		A749E24A267F2C8500D47FA3 /* DesignSystem.swift in Sources */ = {isa = PBXBuildFile; fileRef = A749E249267F2C8500D47FA3 /* DesignSystem.swift */; };
		A749E24C267F2C9400D47FA3 /* Color.swift in Sources */ = {isa = PBXBuildFile; fileRef = A749E24B267F2C9400D47FA3 /* Color.swift */; };
		A749E24E267F3D7A00D47FA3 /* MoviesRepository.swift in Sources */ = {isa = PBXBuildFile; fileRef = A749E24D267F3D7A00D47FA3 /* MoviesRepository.swift */; };
		A749E250267F40C200D47FA3 /* MovieRepositoryImp.swift in Sources */ = {isa = PBXBuildFile; fileRef = A749E24F267F40C200D47FA3 /* MovieRepositoryImp.swift */; };
		A749E252267F415F00D47FA3 /* MoviesRemoteDataSource.swift in Sources */ = {isa = PBXBuildFile; fileRef = A749E251267F415F00D47FA3 /* MoviesRemoteDataSource.swift */; };
		A749E255267F428500D47FA3 /* MoyaHelper.swift in Sources */ = {isa = PBXBuildFile; fileRef = A749E254267F428500D47FA3 /* MoyaHelper.swift */; };
		A749E257267F42A800D47FA3 /* MoviesService.swift in Sources */ = {isa = PBXBuildFile; fileRef = A749E256267F42A800D47FA3 /* MoviesService.swift */; };
		A749E259267F46F100D47FA3 /* RxMoya+Ex.swift in Sources */ = {isa = PBXBuildFile; fileRef = A749E258267F46F100D47FA3 /* RxMoya+Ex.swift */; };
		A749E25B267F492B00D47FA3 /* String+Ex.swift in Sources */ = {isa = PBXBuildFile; fileRef = A749E25A267F492B00D47FA3 /* String+Ex.swift */; };
		A749E264267F5FCC00D47FA3 /* MovieDetailsUseCase.swift in Sources */ = {isa = PBXBuildFile; fileRef = A749E263267F5FCC00D47FA3 /* MovieDetailsUseCase.swift */; };
		A749E267267F621100D47FA3 /* MovieDetailsVC.swift in Sources */ = {isa = PBXBuildFile; fileRef = A749E265267F621100D47FA3 /* MovieDetailsVC.swift */; };
		A749E268267F621100D47FA3 /* MovieDetailsVC.xib in Resources */ = {isa = PBXBuildFile; fileRef = A749E266267F621100D47FA3 /* MovieDetailsVC.xib */; };
/* End PBXBuildFile section */

/* Begin PBXFileReference section */
		A749E1C8267B95E700D47FA3 /* Opera.app */ = {isa = PBXFileReference; explicitFileType = wrapper.application; includeInIndex = 0; path = Opera.app; sourceTree = BUILT_PRODUCTS_DIR; };
		A749E1CB267B95E700D47FA3 /* AppDelegate.swift */ = {isa = PBXFileReference; lastKnownFileType = sourcecode.swift; path = AppDelegate.swift; sourceTree = "<group>"; };
		A749E1CF267B95E700D47FA3 /* ViewController.swift */ = {isa = PBXFileReference; lastKnownFileType = sourcecode.swift; path = ViewController.swift; sourceTree = "<group>"; };
		A749E1D2267B95E700D47FA3 /* Base */ = {isa = PBXFileReference; lastKnownFileType = file.storyboard; name = Base; path = Base.lproj/Main.storyboard; sourceTree = "<group>"; };
		A749E1D4267B95EC00D47FA3 /* Assets.xcassets */ = {isa = PBXFileReference; lastKnownFileType = folder.assetcatalog; path = Assets.xcassets; sourceTree = "<group>"; };
		A749E1D7267B95EC00D47FA3 /* Base */ = {isa = PBXFileReference; lastKnownFileType = file.storyboard; name = Base; path = Base.lproj/LaunchScreen.storyboard; sourceTree = "<group>"; };
		A749E1D9267B95EC00D47FA3 /* Info.plist */ = {isa = PBXFileReference; lastKnownFileType = text.plist.xml; path = Info.plist; sourceTree = "<group>"; };
		A749E1FE267C28CF00D47FA3 /* LaunchCoordinatore.swift */ = {isa = PBXFileReference; lastKnownFileType = sourcecode.swift; path = LaunchCoordinatore.swift; sourceTree = "<group>"; };
		A749E200267C29DF00D47FA3 /* MainTabbarCoordinator.swift */ = {isa = PBXFileReference; lastKnownFileType = sourcecode.swift; path = MainTabbarCoordinator.swift; sourceTree = "<group>"; };
		A749E202267C29F600D47FA3 /* OnBoardingCoordinator.swift */ = {isa = PBXFileReference; lastKnownFileType = sourcecode.swift; path = OnBoardingCoordinator.swift; sourceTree = "<group>"; };
		A749E205267CBEB600D47FA3 /* Transition+Ex.swift */ = {isa = PBXFileReference; lastKnownFileType = sourcecode.swift; path = "Transition+Ex.swift"; sourceTree = "<group>"; };
		A749E208267CC29000D47FA3 /* NowPlayingVC.swift */ = {isa = PBXFileReference; lastKnownFileType = sourcecode.swift; path = NowPlayingVC.swift; sourceTree = "<group>"; };
		A749E209267CC29000D47FA3 /* NowPlayingVC.xib */ = {isa = PBXFileReference; lastKnownFileType = file.xib; path = NowPlayingVC.xib; sourceTree = "<group>"; };
		A749E20C267CC29C00D47FA3 /* NowPlayingAndTopRatedVM.swift */ = {isa = PBXFileReference; lastKnownFileType = sourcecode.swift; path = NowPlayingAndTopRatedVM.swift; sourceTree = "<group>"; };
		A749E20F267CC2C500D47FA3 /* TopRatedVC.swift */ = {isa = PBXFileReference; lastKnownFileType = sourcecode.swift; path = TopRatedVC.swift; sourceTree = "<group>"; };
		A749E210267CC2C500D47FA3 /* TopRatedVC.xib */ = {isa = PBXFileReference; lastKnownFileType = file.xib; path = TopRatedVC.xib; sourceTree = "<group>"; };
		A749E214267CC2EB00D47FA3 /* SearchVC.swift */ = {isa = PBXFileReference; lastKnownFileType = sourcecode.swift; path = SearchVC.swift; sourceTree = "<group>"; };
		A749E215267CC2EB00D47FA3 /* SearchVC.xib */ = {isa = PBXFileReference; lastKnownFileType = file.xib; path = SearchVC.xib; sourceTree = "<group>"; };
		A749E218267CC2FA00D47FA3 /* SearchVM.swift */ = {isa = PBXFileReference; lastKnownFileType = sourcecode.swift; path = SearchVM.swift; sourceTree = "<group>"; };
		A749E21D267CC3C000D47FA3 /* BaseViewController.swift */ = {isa = PBXFileReference; lastKnownFileType = sourcecode.swift; path = BaseViewController.swift; sourceTree = "<group>"; };
		A749E21F267CC46200D47FA3 /* ViewModel.swift */ = {isa = PBXFileReference; lastKnownFileType = sourcecode.swift; path = ViewModel.swift; sourceTree = "<group>"; };
		A749E222267D4FEE00D47FA3 /* TextyTabBarController.swift */ = {isa = PBXFileReference; lastKnownFileType = sourcecode.swift; path = TextyTabBarController.swift; sourceTree = "<group>"; };
		A749E224267D54DC00D47FA3 /* MovieListUseCase.swift */ = {isa = PBXFileReference; lastKnownFileType = sourcecode.swift; path = MovieListUseCase.swift; sourceTree = "<group>"; };
		A749E228267D550800D47FA3 /* SearchUseCase.swift */ = {isa = PBXFileReference; lastKnownFileType = sourcecode.swift; path = SearchUseCase.swift; sourceTree = "<group>"; };
		A749E22A267D5F9300D47FA3 /* NowPlayingAndTopRatedCoordinator.swift */ = {isa = PBXFileReference; lastKnownFileType = sourcecode.swift; path = NowPlayingAndTopRatedCoordinator.swift; sourceTree = "<group>"; };
		A749E22E267D5FC800D47FA3 /* SearchCoordinator.swift */ = {isa = PBXFileReference; lastKnownFileType = sourcecode.swift; path = SearchCoordinator.swift; sourceTree = "<group>"; };
		A749E230267D68B400D47FA3 /* TextyTabBarItem.swift */ = {isa = PBXFileReference; lastKnownFileType = sourcecode.swift; path = TextyTabBarItem.swift; sourceTree = "<group>"; };
		A749E233267DD73800D47FA3 /* MovieCell.swift */ = {isa = PBXFileReference; lastKnownFileType = sourcecode.swift; path = MovieCell.swift; sourceTree = "<group>"; };
		A749E234267DD73800D47FA3 /* MovieCell.xib */ = {isa = PBXFileReference; lastKnownFileType = file.xib; path = MovieCell.xib; sourceTree = "<group>"; };
		A749E237267DD9B800D47FA3 /* MovieCellVM.swift */ = {isa = PBXFileReference; lastKnownFileType = sourcecode.swift; path = MovieCellVM.swift; sourceTree = "<group>"; };
		A749E23B267DEA3F00D47FA3 /* Page.swift */ = {isa = PBXFileReference; fileEncoding = 4; lastKnownFileType = sourcecode.swift; path = Page.swift; sourceTree = "<group>"; };
		A749E23C267DEA3F00D47FA3 /* AppError.swift */ = {isa = PBXFileReference; fileEncoding = 4; lastKnownFileType = sourcecode.swift; path = AppError.swift; sourceTree = "<group>"; };
		A749E23D267DEA3F00D47FA3 /* MovieDetails.swift */ = {isa = PBXFileReference; fileEncoding = 4; lastKnownFileType = sourcecode.swift; path = MovieDetails.swift; sourceTree = "<group>"; };
		A749E23E267DEA3F00D47FA3 /* Genre.swift */ = {isa = PBXFileReference; fileEncoding = 4; lastKnownFileType = sourcecode.swift; path = Genre.swift; sourceTree = "<group>"; };
		A749E23F267DEA3F00D47FA3 /* Movie.swift */ = {isa = PBXFileReference; fileEncoding = 4; lastKnownFileType = sourcecode.swift; path = Movie.swift; sourceTree = "<group>"; };
		A749E249267F2C8500D47FA3 /* DesignSystem.swift */ = {isa = PBXFileReference; lastKnownFileType = sourcecode.swift; path = DesignSystem.swift; sourceTree = "<group>"; };
		A749E24B267F2C9400D47FA3 /* Color.swift */ = {isa = PBXFileReference; lastKnownFileType = sourcecode.swift; path = Color.swift; sourceTree = "<group>"; };
		A749E24D267F3D7A00D47FA3 /* MoviesRepository.swift */ = {isa = PBXFileReference; lastKnownFileType = sourcecode.swift; path = MoviesRepository.swift; sourceTree = "<group>"; };
		A749E24F267F40C200D47FA3 /* MovieRepositoryImp.swift */ = {isa = PBXFileReference; lastKnownFileType = sourcecode.swift; path = MovieRepositoryImp.swift; sourceTree = "<group>"; };
		A749E251267F415F00D47FA3 /* MoviesRemoteDataSource.swift */ = {isa = PBXFileReference; lastKnownFileType = sourcecode.swift; path = MoviesRemoteDataSource.swift; sourceTree = "<group>"; };
		A749E254267F428500D47FA3 /* MoyaHelper.swift */ = {isa = PBXFileReference; lastKnownFileType = sourcecode.swift; path = MoyaHelper.swift; sourceTree = "<group>"; };
		A749E256267F42A800D47FA3 /* MoviesService.swift */ = {isa = PBXFileReference; lastKnownFileType = sourcecode.swift; path = MoviesService.swift; sourceTree = "<group>"; };
		A749E258267F46F100D47FA3 /* RxMoya+Ex.swift */ = {isa = PBXFileReference; lastKnownFileType = sourcecode.swift; path = "RxMoya+Ex.swift"; sourceTree = "<group>"; };
		A749E25A267F492B00D47FA3 /* String+Ex.swift */ = {isa = PBXFileReference; lastKnownFileType = sourcecode.swift; path = "String+Ex.swift"; sourceTree = "<group>"; };
		A749E263267F5FCC00D47FA3 /* MovieDetailsUseCase.swift */ = {isa = PBXFileReference; lastKnownFileType = sourcecode.swift; path = MovieDetailsUseCase.swift; sourceTree = "<group>"; };
		A749E265267F621100D47FA3 /* MovieDetailsVC.swift */ = {isa = PBXFileReference; lastKnownFileType = sourcecode.swift; path = MovieDetailsVC.swift; sourceTree = "<group>"; };
		A749E266267F621100D47FA3 /* MovieDetailsVC.xib */ = {isa = PBXFileReference; lastKnownFileType = file.xib; path = MovieDetailsVC.xib; sourceTree = "<group>"; };
/* End PBXFileReference section */

/* Begin PBXFrameworksBuildPhase section */
		A749E1C5267B95E700D47FA3 /* Frameworks */ = {
			isa = PBXFrameworksBuildPhase;
			buildActionMask = 2147483647;
			files = (
				A749E247267F26B600D47FA3 /* RxCocoa in Frameworks */,
				A749E1EC267B9C7900D47FA3 /* RxMoya in Frameworks */,
				A749E1E4267B9BD000D47FA3 /* SDWebImage in Frameworks */,
				A749E1E7267B9C1F00D47FA3 /* SkeletonView in Frameworks */,
				A749E1EA267B9C7900D47FA3 /* Moya in Frameworks */,
				A749E1E1267B9B7400D47FA3 /* XCoordinatorRx in Frameworks */,
			);
			runOnlyForDeploymentPostprocessing = 0;
		};
/* End PBXFrameworksBuildPhase section */

/* Begin PBXGroup section */
		A749E1BF267B95E700D47FA3 = {
			isa = PBXGroup;
			children = (
				A749E1CA267B95E700D47FA3 /* Opera */,
				A749E1C9267B95E700D47FA3 /* Products */,
			);
			sourceTree = "<group>";
		};
		A749E1C9267B95E700D47FA3 /* Products */ = {
			isa = PBXGroup;
			children = (
				A749E1C8267B95E700D47FA3 /* Opera.app */,
			);
			name = Products;
			sourceTree = "<group>";
		};
		A749E1CA267B95E700D47FA3 /* Opera */ = {
			isa = PBXGroup;
			children = (
				A749E1ED267B9C9700D47FA3 /* App */,
				A749E1EE267B9C9C00D47FA3 /* Domain */,
				A749E1EF267B9CA300D47FA3 /* Data */,
				A749E1CF267B95E700D47FA3 /* ViewController.swift */,
				A749E1D1267B95E700D47FA3 /* Main.storyboard */,
				A749E1D9267B95EC00D47FA3 /* Info.plist */,
			);
			path = Opera;
			sourceTree = "<group>";
		};
		A749E1ED267B9C9700D47FA3 /* App */ = {
			isa = PBXGroup;
			children = (
				A749E1F0267B9CE400D47FA3 /* ScreenViews */,
				A749E1F1267B9CE900D47FA3 /* Host */,
				A749E1F2267B9CF800D47FA3 /* Assets */,
				A749E1F3267B9D0700D47FA3 /* Utilities */,
				A749E1F4267B9D1B00D47FA3 /* Core */,
				A749E1F5267B9D2E00D47FA3 /* Coordinator */,
				A749E1F6267B9D3D00D47FA3 /* Scenes */,
			);
			path = App;
			sourceTree = "<group>";
		};
		A749E1EE267B9C9C00D47FA3 /* Domain */ = {
			isa = PBXGroup;
			children = (
				A749E1F9267B9E3600D47FA3 /* Entities */,
				A749E1F8267B9E2A00D47FA3 /* Repositories */,
				A749E1F7267B9E1B00D47FA3 /* Use Cases */,
			);
			path = Domain;
			sourceTree = "<group>";
		};
		A749E1EF267B9CA300D47FA3 /* Data */ = {
			isa = PBXGroup;
			children = (
				A749E1FB267B9E6A00D47FA3 /* Remote Data Source */,
				A749E1FC267B9E7700D47FA3 /* Local Data Source */,
				A749E1FA267B9E5500D47FA3 /* Repositories Implementation */,
			);
			path = Data;
			sourceTree = "<group>";
		};
		A749E1F0267B9CE400D47FA3 /* ScreenViews */ = {
			isa = PBXGroup;
			children = (
			);
			path = ScreenViews;
			sourceTree = "<group>";
		};
		A749E1F1267B9CE900D47FA3 /* Host */ = {
			isa = PBXGroup;
			children = (
				A749E1CB267B95E700D47FA3 /* AppDelegate.swift */,
				A749E1D6267B95EC00D47FA3 /* LaunchScreen.storyboard */,
			);
			path = Host;
			sourceTree = "<group>";
		};
		A749E1F2267B9CF800D47FA3 /* Assets */ = {
			isa = PBXGroup;
			children = (
				A749E248267F2C7600D47FA3 /* Design System */,
				A749E1D4267B95EC00D47FA3 /* Assets.xcassets */,
			);
			path = Assets;
			sourceTree = "<group>";
		};
		A749E1F3267B9D0700D47FA3 /* Utilities */ = {
			isa = PBXGroup;
			children = (
				A749E204267CBE9B00D47FA3 /* Extentions */,
			);
			path = Utilities;
			sourceTree = "<group>";
		};
		A749E1F4267B9D1B00D47FA3 /* Core */ = {
			isa = PBXGroup;
			children = (
				A749E221267D4FB900D47FA3 /* CustomTabBar */,
				A749E21C267CC39B00D47FA3 /* Base VC & VM */,
			);
			path = Core;
			sourceTree = "<group>";
		};
		A749E1F5267B9D2E00D47FA3 /* Coordinator */ = {
			isa = PBXGroup;
			children = (
				A749E1FE267C28CF00D47FA3 /* LaunchCoordinatore.swift */,
				A749E200267C29DF00D47FA3 /* MainTabbarCoordinator.swift */,
				A749E202267C29F600D47FA3 /* OnBoardingCoordinator.swift */,
				A749E22A267D5F9300D47FA3 /* NowPlayingAndTopRatedCoordinator.swift */,
				A749E22E267D5FC800D47FA3 /* SearchCoordinator.swift */,
			);
			path = Coordinator;
			sourceTree = "<group>";
		};
		A749E1F6267B9D3D00D47FA3 /* Scenes */ = {
			isa = PBXGroup;
			children = (
				A749E23A267DDB7600D47FA3 /* Common */,
				A749E239267DDB6800D47FA3 /* Cells */,
				A749E207267CC24B00D47FA3 /* NowPlaying */,
				A749E20E267CC2A400D47FA3 /* TopRated */,
				A749E213267CC2CE00D47FA3 /* Search */,
				A749E25C267F5EB600D47FA3 /* MovieDetails */,
			);
			path = Scenes;
			sourceTree = "<group>";
		};
		A749E1F7267B9E1B00D47FA3 /* Use Cases */ = {
			isa = PBXGroup;
			children = (
				A749E224267D54DC00D47FA3 /* MovieListUseCase.swift */,
				A749E263267F5FCC00D47FA3 /* MovieDetailsUseCase.swift */,
				A749E228267D550800D47FA3 /* SearchUseCase.swift */,
			);
			path = "Use Cases";
			sourceTree = "<group>";
		};
		A749E1F8267B9E2A00D47FA3 /* Repositories */ = {
			isa = PBXGroup;
			children = (
				A749E24D267F3D7A00D47FA3 /* MoviesRepository.swift */,
			);
			path = Repositories;
			sourceTree = "<group>";
		};
		A749E1F9267B9E3600D47FA3 /* Entities */ = {
			isa = PBXGroup;
			children = (
				A749E23C267DEA3F00D47FA3 /* AppError.swift */,
				A749E23E267DEA3F00D47FA3 /* Genre.swift */,
				A749E23F267DEA3F00D47FA3 /* Movie.swift */,
				A749E23D267DEA3F00D47FA3 /* MovieDetails.swift */,
				A749E23B267DEA3F00D47FA3 /* Page.swift */,
			);
			path = Entities;
			sourceTree = "<group>";
		};
		A749E1FA267B9E5500D47FA3 /* Repositories Implementation */ = {
			isa = PBXGroup;
			children = (
				A749E24F267F40C200D47FA3 /* MovieRepositoryImp.swift */,
			);
			path = "Repositories Implementation";
			sourceTree = "<group>";
		};
		A749E1FB267B9E6A00D47FA3 /* Remote Data Source */ = {
			isa = PBXGroup;
			children = (
				A749E253267F41B500D47FA3 /* NetworkServices */,
				A749E251267F415F00D47FA3 /* MoviesRemoteDataSource.swift */,
			);
			path = "Remote Data Source";
			sourceTree = "<group>";
		};
		A749E1FC267B9E7700D47FA3 /* Local Data Source */ = {
			isa = PBXGroup;
			children = (
			);
			path = "Local Data Source";
			sourceTree = "<group>";
		};
		A749E204267CBE9B00D47FA3 /* Extentions */ = {
			isa = PBXGroup;
			children = (
				A749E205267CBEB600D47FA3 /* Transition+Ex.swift */,
				A749E258267F46F100D47FA3 /* RxMoya+Ex.swift */,
				A749E25A267F492B00D47FA3 /* String+Ex.swift */,
			);
			path = Extentions;
			sourceTree = "<group>";
		};
		A749E207267CC24B00D47FA3 /* NowPlaying */ = {
			isa = PBXGroup;
			children = (
				A749E208267CC29000D47FA3 /* NowPlayingVC.swift */,
				A749E209267CC29000D47FA3 /* NowPlayingVC.xib */,
			);
			path = NowPlaying;
			sourceTree = "<group>";
		};
		A749E20E267CC2A400D47FA3 /* TopRated */ = {
			isa = PBXGroup;
			children = (
				A749E20F267CC2C500D47FA3 /* TopRatedVC.swift */,
				A749E210267CC2C500D47FA3 /* TopRatedVC.xib */,
			);
			path = TopRated;
			sourceTree = "<group>";
		};
		A749E213267CC2CE00D47FA3 /* Search */ = {
			isa = PBXGroup;
			children = (
				A749E214267CC2EB00D47FA3 /* SearchVC.swift */,
				A749E218267CC2FA00D47FA3 /* SearchVM.swift */,
				A749E215267CC2EB00D47FA3 /* SearchVC.xib */,
			);
			path = Search;
			sourceTree = "<group>";
		};
		A749E21C267CC39B00D47FA3 /* Base VC & VM */ = {
			isa = PBXGroup;
			children = (
				A749E21D267CC3C000D47FA3 /* BaseViewController.swift */,
				A749E21F267CC46200D47FA3 /* ViewModel.swift */,
			);
			path = "Base VC & VM";
			sourceTree = "<group>";
		};
		A749E221267D4FB900D47FA3 /* CustomTabBar */ = {
			isa = PBXGroup;
			children = (
				A749E222267D4FEE00D47FA3 /* TextyTabBarController.swift */,
				A749E230267D68B400D47FA3 /* TextyTabBarItem.swift */,
			);
			path = CustomTabBar;
			sourceTree = "<group>";
		};
		A749E232267DD6F700D47FA3 /* MovieCell */ = {
			isa = PBXGroup;
			children = (
				A749E233267DD73800D47FA3 /* MovieCell.swift */,
				A749E237267DD9B800D47FA3 /* MovieCellVM.swift */,
				A749E234267DD73800D47FA3 /* MovieCell.xib */,
			);
			path = MovieCell;
			sourceTree = "<group>";
		};
		A749E239267DDB6800D47FA3 /* Cells */ = {
			isa = PBXGroup;
			children = (
				A749E232267DD6F700D47FA3 /* MovieCell */,
			);
			path = Cells;
			sourceTree = "<group>";
		};
		A749E23A267DDB7600D47FA3 /* Common */ = {
			isa = PBXGroup;
			children = (
				A749E20C267CC29C00D47FA3 /* NowPlayingAndTopRatedVM.swift */,
			);
			path = Common;
			sourceTree = "<group>";
		};
		A749E248267F2C7600D47FA3 /* Design System */ = {
			isa = PBXGroup;
			children = (
				A749E249267F2C8500D47FA3 /* DesignSystem.swift */,
				A749E24B267F2C9400D47FA3 /* Color.swift */,
			);
			path = "Design System";
			sourceTree = "<group>";
		};
		A749E253267F41B500D47FA3 /* NetworkServices */ = {
			isa = PBXGroup;
			children = (
				A749E254267F428500D47FA3 /* MoyaHelper.swift */,
				A749E256267F42A800D47FA3 /* MoviesService.swift */,
			);
			path = NetworkServices;
			sourceTree = "<group>";
		};
		A749E25C267F5EB600D47FA3 /* MovieDetails */ = {
			isa = PBXGroup;
			children = (
				A749E265267F621100D47FA3 /* MovieDetailsVC.swift */,
				A749E266267F621100D47FA3 /* MovieDetailsVC.xib */,
			);
			path = MovieDetails;
			sourceTree = "<group>";
		};
/* End PBXGroup section */

/* Begin PBXNativeTarget section */
		A749E1C7267B95E700D47FA3 /* Opera */ = {
			isa = PBXNativeTarget;
			buildConfigurationList = A749E1DC267B95EC00D47FA3 /* Build configuration list for PBXNativeTarget "Opera" */;
			buildPhases = (
				A749E1C4267B95E700D47FA3 /* Sources */,
				A749E1C5267B95E700D47FA3 /* Frameworks */,
				A749E1C6267B95E700D47FA3 /* Resources */,
			);
			buildRules = (
			);
			dependencies = (
			);
			name = Opera;
			packageProductDependencies = (
				A749E1E0267B9B7400D47FA3 /* XCoordinatorRx */,
				A749E1E3267B9BD000D47FA3 /* SDWebImage */,
				A749E1E6267B9C1F00D47FA3 /* SkeletonView */,
				A749E1E9267B9C7900D47FA3 /* Moya */,
				A749E1EB267B9C7900D47FA3 /* RxMoya */,
				A749E246267F26B600D47FA3 /* RxCocoa */,
			);
			productName = Opera;
			productReference = A749E1C8267B95E700D47FA3 /* Opera.app */;
			productType = "com.apple.product-type.application";
		};
/* End PBXNativeTarget section */

/* Begin PBXProject section */
		A749E1C0267B95E700D47FA3 /* Project object */ = {
			isa = PBXProject;
			attributes = {
				LastSwiftUpdateCheck = 1250;
				LastUpgradeCheck = 1250;
				TargetAttributes = {
					A749E1C7267B95E700D47FA3 = {
						CreatedOnToolsVersion = 12.5;
					};
				};
			};
			buildConfigurationList = A749E1C3267B95E700D47FA3 /* Build configuration list for PBXProject "Opera" */;
			compatibilityVersion = "Xcode 9.3";
			developmentRegion = en;
			hasScannedForEncodings = 0;
			knownRegions = (
				en,
				Base,
			);
			mainGroup = A749E1BF267B95E700D47FA3;
			packageReferences = (
				A749E1DF267B9B7400D47FA3 /* XCRemoteSwiftPackageReference "XCoordinator" */,
				A749E1E2267B9BD000D47FA3 /* XCRemoteSwiftPackageReference "SDWebImage" */,
				A749E1E5267B9C1F00D47FA3 /* XCRemoteSwiftPackageReference "SkeletonView" */,
				A749E1E8267B9C7900D47FA3 /* XCRemoteSwiftPackageReference "Moya" */,
				A749E245267F26B500D47FA3 /* XCRemoteSwiftPackageReference "RxSwift" */,
			);
			productRefGroup = A749E1C9267B95E700D47FA3 /* Products */;
			projectDirPath = "";
			projectRoot = "";
			targets = (
				A749E1C7267B95E700D47FA3 /* Opera */,
			);
		};
/* End PBXProject section */

/* Begin PBXResourcesBuildPhase section */
		A749E1C6267B95E700D47FA3 /* Resources */ = {
			isa = PBXResourcesBuildPhase;
			buildActionMask = 2147483647;
			files = (
				A749E1D8267B95EC00D47FA3 /* LaunchScreen.storyboard in Resources */,
				A749E1D5267B95EC00D47FA3 /* Assets.xcassets in Resources */,
				A749E268267F621100D47FA3 /* MovieDetailsVC.xib in Resources */,
				A749E217267CC2EB00D47FA3 /* SearchVC.xib in Resources */,
				A749E20B267CC29000D47FA3 /* NowPlayingVC.xib in Resources */,
				A749E212267CC2C500D47FA3 /* TopRatedVC.xib in Resources */,
				A749E1D3267B95E700D47FA3 /* Main.storyboard in Resources */,
				A749E236267DD73800D47FA3 /* MovieCell.xib in Resources */,
			);
			runOnlyForDeploymentPostprocessing = 0;
		};
/* End PBXResourcesBuildPhase section */

/* Begin PBXSourcesBuildPhase section */
		A749E1C4267B95E700D47FA3 /* Sources */ = {
			isa = PBXSourcesBuildPhase;
			buildActionMask = 2147483647;
			files = (
				A749E21E267CC3C000D47FA3 /* BaseViewController.swift in Sources */,
				A749E255267F428500D47FA3 /* MoyaHelper.swift in Sources */,
				A749E24A267F2C8500D47FA3 /* DesignSystem.swift in Sources */,
				A749E264267F5FCC00D47FA3 /* MovieDetailsUseCase.swift in Sources */,
				A749E211267CC2C500D47FA3 /* TopRatedVC.swift in Sources */,
				A749E20D267CC29C00D47FA3 /* NowPlayingAndTopRatedVM.swift in Sources */,
				A749E242267DEA3F00D47FA3 /* MovieDetails.swift in Sources */,
				A749E259267F46F100D47FA3 /* RxMoya+Ex.swift in Sources */,
				A749E225267D54DC00D47FA3 /* MovieListUseCase.swift in Sources */,
				A749E22B267D5F9300D47FA3 /* NowPlayingAndTopRatedCoordinator.swift in Sources */,
				A749E250267F40C200D47FA3 /* MovieRepositoryImp.swift in Sources */,
				A749E1D0267B95E700D47FA3 /* ViewController.swift in Sources */,
				A749E1CC267B95E700D47FA3 /* AppDelegate.swift in Sources */,
				A749E252267F415F00D47FA3 /* MoviesRemoteDataSource.swift in Sources */,
				A749E243267DEA3F00D47FA3 /* Genre.swift in Sources */,
				A749E267267F621100D47FA3 /* MovieDetailsVC.swift in Sources */,
				A749E24E267F3D7A00D47FA3 /* MoviesRepository.swift in Sources */,
				A749E235267DD73800D47FA3 /* MovieCell.swift in Sources */,
				A749E25B267F492B00D47FA3 /* String+Ex.swift in Sources */,
				A749E244267DEA3F00D47FA3 /* Movie.swift in Sources */,
				A749E231267D68B400D47FA3 /* TextyTabBarItem.swift in Sources */,
				A749E201267C29DF00D47FA3 /* MainTabbarCoordinator.swift in Sources */,
				A749E223267D4FEE00D47FA3 /* TextyTabBarController.swift in Sources */,
				A749E220267CC46200D47FA3 /* ViewModel.swift in Sources */,
				A749E24C267F2C9400D47FA3 /* Color.swift in Sources */,
				A749E1FF267C28CF00D47FA3 /* LaunchCoordinatore.swift in Sources */,
				A749E238267DD9B800D47FA3 /* MovieCellVM.swift in Sources */,
				A749E22F267D5FC800D47FA3 /* SearchCoordinator.swift in Sources */,
				A749E216267CC2EB00D47FA3 /* SearchVC.swift in Sources */,
				A749E203267C29F600D47FA3 /* OnBoardingCoordinator.swift in Sources */,
				A749E20A267CC29000D47FA3 /* NowPlayingVC.swift in Sources */,
				A749E240267DEA3F00D47FA3 /* Page.swift in Sources */,
				A749E241267DEA3F00D47FA3 /* AppError.swift in Sources */,
				A749E257267F42A800D47FA3 /* MoviesService.swift in Sources */,
				A749E219267CC2FA00D47FA3 /* SearchVM.swift in Sources */,
				A749E206267CBEB700D47FA3 /* Transition+Ex.swift in Sources */,
				A749E229267D550800D47FA3 /* SearchUseCase.swift in Sources */,
			);
			runOnlyForDeploymentPostprocessing = 0;
		};
/* End PBXSourcesBuildPhase section */

/* Begin PBXVariantGroup section */
		A749E1D1267B95E700D47FA3 /* Main.storyboard */ = {
			isa = PBXVariantGroup;
			children = (
				A749E1D2267B95E700D47FA3 /* Base */,
			);
			name = Main.storyboard;
			sourceTree = "<group>";
		};
		A749E1D6267B95EC00D47FA3 /* LaunchScreen.storyboard */ = {
			isa = PBXVariantGroup;
			children = (
				A749E1D7267B95EC00D47FA3 /* Base */,
			);
			name = LaunchScreen.storyboard;
			sourceTree = "<group>";
		};
/* End PBXVariantGroup section */

/* Begin XCBuildConfiguration section */
		A749E1DA267B95EC00D47FA3 /* Debug */ = {
			isa = XCBuildConfiguration;
			buildSettings = {
				ALWAYS_SEARCH_USER_PATHS = NO;
				CLANG_ANALYZER_NONNULL = YES;
				CLANG_ANALYZER_NUMBER_OBJECT_CONVERSION = YES_AGGRESSIVE;
				CLANG_CXX_LANGUAGE_STANDARD = "gnu++14";
				CLANG_CXX_LIBRARY = "libc++";
				CLANG_ENABLE_MODULES = YES;
				CLANG_ENABLE_OBJC_ARC = YES;
				CLANG_ENABLE_OBJC_WEAK = YES;
				CLANG_WARN_BLOCK_CAPTURE_AUTORELEASING = YES;
				CLANG_WARN_BOOL_CONVERSION = YES;
				CLANG_WARN_COMMA = YES;
				CLANG_WARN_CONSTANT_CONVERSION = YES;
				CLANG_WARN_DEPRECATED_OBJC_IMPLEMENTATIONS = YES;
				CLANG_WARN_DIRECT_OBJC_ISA_USAGE = YES_ERROR;
				CLANG_WARN_DOCUMENTATION_COMMENTS = YES;
				CLANG_WARN_EMPTY_BODY = YES;
				CLANG_WARN_ENUM_CONVERSION = YES;
				CLANG_WARN_INFINITE_RECURSION = YES;
				CLANG_WARN_INT_CONVERSION = YES;
				CLANG_WARN_NON_LITERAL_NULL_CONVERSION = YES;
				CLANG_WARN_OBJC_IMPLICIT_RETAIN_SELF = YES;
				CLANG_WARN_OBJC_LITERAL_CONVERSION = YES;
				CLANG_WARN_OBJC_ROOT_CLASS = YES_ERROR;
				CLANG_WARN_QUOTED_INCLUDE_IN_FRAMEWORK_HEADER = YES;
				CLANG_WARN_RANGE_LOOP_ANALYSIS = YES;
				CLANG_WARN_STRICT_PROTOTYPES = YES;
				CLANG_WARN_SUSPICIOUS_MOVE = YES;
				CLANG_WARN_UNGUARDED_AVAILABILITY = YES_AGGRESSIVE;
				CLANG_WARN_UNREACHABLE_CODE = YES;
				CLANG_WARN__DUPLICATE_METHOD_MATCH = YES;
				COPY_PHASE_STRIP = NO;
				DEBUG_INFORMATION_FORMAT = dwarf;
				ENABLE_STRICT_OBJC_MSGSEND = YES;
				ENABLE_TESTABILITY = YES;
				GCC_C_LANGUAGE_STANDARD = gnu11;
				GCC_DYNAMIC_NO_PIC = NO;
				GCC_NO_COMMON_BLOCKS = YES;
				GCC_OPTIMIZATION_LEVEL = 0;
				GCC_PREPROCESSOR_DEFINITIONS = (
					"DEBUG=1",
					"$(inherited)",
				);
				GCC_WARN_64_TO_32_BIT_CONVERSION = YES;
				GCC_WARN_ABOUT_RETURN_TYPE = YES_ERROR;
				GCC_WARN_UNDECLARED_SELECTOR = YES;
				GCC_WARN_UNINITIALIZED_AUTOS = YES_AGGRESSIVE;
				GCC_WARN_UNUSED_FUNCTION = YES;
				GCC_WARN_UNUSED_VARIABLE = YES;
				IPHONEOS_DEPLOYMENT_TARGET = 14.5;
				MTL_ENABLE_DEBUG_INFO = INCLUDE_SOURCE;
				MTL_FAST_MATH = YES;
				ONLY_ACTIVE_ARCH = YES;
				SDKROOT = iphoneos;
				SWIFT_ACTIVE_COMPILATION_CONDITIONS = DEBUG;
				SWIFT_OPTIMIZATION_LEVEL = "-Onone";
			};
			name = Debug;
		};
		A749E1DB267B95EC00D47FA3 /* Release */ = {
			isa = XCBuildConfiguration;
			buildSettings = {
				ALWAYS_SEARCH_USER_PATHS = NO;
				CLANG_ANALYZER_NONNULL = YES;
				CLANG_ANALYZER_NUMBER_OBJECT_CONVERSION = YES_AGGRESSIVE;
				CLANG_CXX_LANGUAGE_STANDARD = "gnu++14";
				CLANG_CXX_LIBRARY = "libc++";
				CLANG_ENABLE_MODULES = YES;
				CLANG_ENABLE_OBJC_ARC = YES;
				CLANG_ENABLE_OBJC_WEAK = YES;
				CLANG_WARN_BLOCK_CAPTURE_AUTORELEASING = YES;
				CLANG_WARN_BOOL_CONVERSION = YES;
				CLANG_WARN_COMMA = YES;
				CLANG_WARN_CONSTANT_CONVERSION = YES;
				CLANG_WARN_DEPRECATED_OBJC_IMPLEMENTATIONS = YES;
				CLANG_WARN_DIRECT_OBJC_ISA_USAGE = YES_ERROR;
				CLANG_WARN_DOCUMENTATION_COMMENTS = YES;
				CLANG_WARN_EMPTY_BODY = YES;
				CLANG_WARN_ENUM_CONVERSION = YES;
				CLANG_WARN_INFINITE_RECURSION = YES;
				CLANG_WARN_INT_CONVERSION = YES;
				CLANG_WARN_NON_LITERAL_NULL_CONVERSION = YES;
				CLANG_WARN_OBJC_IMPLICIT_RETAIN_SELF = YES;
				CLANG_WARN_OBJC_LITERAL_CONVERSION = YES;
				CLANG_WARN_OBJC_ROOT_CLASS = YES_ERROR;
				CLANG_WARN_QUOTED_INCLUDE_IN_FRAMEWORK_HEADER = YES;
				CLANG_WARN_RANGE_LOOP_ANALYSIS = YES;
				CLANG_WARN_STRICT_PROTOTYPES = YES;
				CLANG_WARN_SUSPICIOUS_MOVE = YES;
				CLANG_WARN_UNGUARDED_AVAILABILITY = YES_AGGRESSIVE;
				CLANG_WARN_UNREACHABLE_CODE = YES;
				CLANG_WARN__DUPLICATE_METHOD_MATCH = YES;
				COPY_PHASE_STRIP = NO;
				DEBUG_INFORMATION_FORMAT = "dwarf-with-dsym";
				ENABLE_NS_ASSERTIONS = NO;
				ENABLE_STRICT_OBJC_MSGSEND = YES;
				GCC_C_LANGUAGE_STANDARD = gnu11;
				GCC_NO_COMMON_BLOCKS = YES;
				GCC_WARN_64_TO_32_BIT_CONVERSION = YES;
				GCC_WARN_ABOUT_RETURN_TYPE = YES_ERROR;
				GCC_WARN_UNDECLARED_SELECTOR = YES;
				GCC_WARN_UNINITIALIZED_AUTOS = YES_AGGRESSIVE;
				GCC_WARN_UNUSED_FUNCTION = YES;
				GCC_WARN_UNUSED_VARIABLE = YES;
				IPHONEOS_DEPLOYMENT_TARGET = 14.5;
				MTL_ENABLE_DEBUG_INFO = NO;
				MTL_FAST_MATH = YES;
				SDKROOT = iphoneos;
				SWIFT_COMPILATION_MODE = wholemodule;
				SWIFT_OPTIMIZATION_LEVEL = "-O";
				VALIDATE_PRODUCT = YES;
			};
			name = Release;
		};
		A749E1DD267B95EC00D47FA3 /* Debug */ = {
			isa = XCBuildConfiguration;
			buildSettings = {
				ASSETCATALOG_COMPILER_APPICON_NAME = AppIcon;
				ASSETCATALOG_COMPILER_GLOBAL_ACCENT_COLOR_NAME = AccentColor;
				CODE_SIGN_STYLE = Automatic;
				DEVELOPMENT_TEAM = 868AXWRZ85;
				INFOPLIST_FILE = Opera/Info.plist;
				IPHONEOS_DEPLOYMENT_TARGET = 13.0;
				LD_RUNPATH_SEARCH_PATHS = (
					"$(inherited)",
					"@executable_path/Frameworks",
				);
				PRODUCT_BUNDLE_IDENTIFIER = com.ASIS.Solutions.Opera.Opera;
				PRODUCT_NAME = "$(TARGET_NAME)";
				SWIFT_VERSION = 5.0;
				TARGETED_DEVICE_FAMILY = "1,2";
			};
			name = Debug;
		};
		A749E1DE267B95EC00D47FA3 /* Release */ = {
			isa = XCBuildConfiguration;
			buildSettings = {
				ASSETCATALOG_COMPILER_APPICON_NAME = AppIcon;
				ASSETCATALOG_COMPILER_GLOBAL_ACCENT_COLOR_NAME = AccentColor;
				CODE_SIGN_STYLE = Automatic;
				DEVELOPMENT_TEAM = 868AXWRZ85;
				INFOPLIST_FILE = Opera/Info.plist;
				IPHONEOS_DEPLOYMENT_TARGET = 13.0;
				LD_RUNPATH_SEARCH_PATHS = (
					"$(inherited)",
					"@executable_path/Frameworks",
				);
				PRODUCT_BUNDLE_IDENTIFIER = com.ASIS.Solutions.Opera.Opera;
				PRODUCT_NAME = "$(TARGET_NAME)";
				SWIFT_VERSION = 5.0;
				TARGETED_DEVICE_FAMILY = "1,2";
			};
			name = Release;
		};
/* End XCBuildConfiguration section */

/* Begin XCConfigurationList section */
		A749E1C3267B95E700D47FA3 /* Build configuration list for PBXProject "Opera" */ = {
			isa = XCConfigurationList;
			buildConfigurations = (
				A749E1DA267B95EC00D47FA3 /* Debug */,
				A749E1DB267B95EC00D47FA3 /* Release */,
			);
			defaultConfigurationIsVisible = 0;
			defaultConfigurationName = Release;
		};
		A749E1DC267B95EC00D47FA3 /* Build configuration list for PBXNativeTarget "Opera" */ = {
			isa = XCConfigurationList;
			buildConfigurations = (
				A749E1DD267B95EC00D47FA3 /* Debug */,
				A749E1DE267B95EC00D47FA3 /* Release */,
			);
			defaultConfigurationIsVisible = 0;
			defaultConfigurationName = Release;
		};
/* End XCConfigurationList section */

/* Begin XCRemoteSwiftPackageReference section */
		A749E1DF267B9B7400D47FA3 /* XCRemoteSwiftPackageReference "XCoordinator" */ = {
			isa = XCRemoteSwiftPackageReference;
			repositoryURL = "https://github.com/quickbirdstudios/XCoordinator.git";
			requirement = {
				kind = upToNextMajorVersion;
				minimumVersion = 2.0.7;
			};
		};
		A749E1E2267B9BD000D47FA3 /* XCRemoteSwiftPackageReference "SDWebImage" */ = {
			isa = XCRemoteSwiftPackageReference;
			repositoryURL = "https://github.com/SDWebImage/SDWebImage.git";
			requirement = {
				kind = upToNextMajorVersion;
				minimumVersion = 5.11.1;
			};
		};
		A749E1E5267B9C1F00D47FA3 /* XCRemoteSwiftPackageReference "SkeletonView" */ = {
			isa = XCRemoteSwiftPackageReference;
			repositoryURL = "https://github.com/Juanpe/SkeletonView.git";
			requirement = {
				kind = upToNextMajorVersion;
				minimumVersion = 1.17.2;
			};
		};
		A749E1E8267B9C7900D47FA3 /* XCRemoteSwiftPackageReference "Moya" */ = {
			isa = XCRemoteSwiftPackageReference;
			repositoryURL = "https://github.com/Moya/Moya.git";
			requirement = {
				kind = upToNextMajorVersion;
				minimumVersion = 14.0.1;
			};
		};
		A749E245267F26B500D47FA3 /* XCRemoteSwiftPackageReference "RxSwift" */ = {
			isa = XCRemoteSwiftPackageReference;
			repositoryURL = "https://github.com/ReactiveX/RxSwift.git";
			requirement = {
				kind = exactVersion;
				version = 5.1.2;
			};
		};
/* End XCRemoteSwiftPackageReference section */

/* Begin XCSwiftPackageProductDependency section */
		A749E1E0267B9B7400D47FA3 /* XCoordinatorRx */ = {
			isa = XCSwiftPackageProductDependency;
			package = A749E1DF267B9B7400D47FA3 /* XCRemoteSwiftPackageReference "XCoordinator" */;
			productName = XCoordinatorRx;
		};
		A749E1E3267B9BD000D47FA3 /* SDWebImage */ = {
			isa = XCSwiftPackageProductDependency;
			package = A749E1E2267B9BD000D47FA3 /* XCRemoteSwiftPackageReference "SDWebImage" */;
			productName = SDWebImage;
		};
		A749E1E6267B9C1F00D47FA3 /* SkeletonView */ = {
			isa = XCSwiftPackageProductDependency;
			package = A749E1E5267B9C1F00D47FA3 /* XCRemoteSwiftPackageReference "SkeletonView" */;
			productName = SkeletonView;
		};
		A749E1E9267B9C7900D47FA3 /* Moya */ = {
			isa = XCSwiftPackageProductDependency;
			package = A749E1E8267B9C7900D47FA3 /* XCRemoteSwiftPackageReference "Moya" */;
			productName = Moya;
		};
		A749E1EB267B9C7900D47FA3 /* RxMoya */ = {
			isa = XCSwiftPackageProductDependency;
			package = A749E1E8267B9C7900D47FA3 /* XCRemoteSwiftPackageReference "Moya" */;
			productName = RxMoya;
		};
		A749E246267F26B600D47FA3 /* RxCocoa */ = {
			isa = XCSwiftPackageProductDependency;
			package = A749E245267F26B500D47FA3 /* XCRemoteSwiftPackageReference "RxSwift" */;
			productName = RxCocoa;
		};
/* End XCSwiftPackageProductDependency section */
	};
	rootObject = A749E1C0267B95E700D47FA3 /* Project object */;
}
